// !$*UTF8*$!
{
	archiveVersion = 1;
	classes = {
	};
	objectVersion = 56;
	objects = {

/* Begin PBXBuildFile section */
		0D514B352B7EEBAB003F4407 /* SocialMediaApp.swift in Sources */ = {isa = PBXBuildFile; fileRef = 0D514B342B7EEBAB003F4407 /* SocialMediaApp.swift */; };
		0D514B372B7EEBAB003F4407 /* ContentView.swift in Sources */ = {isa = PBXBuildFile; fileRef = 0D514B362B7EEBAB003F4407 /* ContentView.swift */; };
		0D514B392B7EEBAC003F4407 /* Assets.xcassets in Resources */ = {isa = PBXBuildFile; fileRef = 0D514B382B7EEBAC003F4407 /* Assets.xcassets */; };
		0D514B3D2B7EEBAC003F4407 /* Preview Assets.xcassets in Resources */ = {isa = PBXBuildFile; fileRef = 0D514B3C2B7EEBAC003F4407 /* Preview Assets.xcassets */; };
		0D514B472B7EEBAC003F4407 /* SocialMediaTests.swift in Sources */ = {isa = PBXBuildFile; fileRef = 0D514B462B7EEBAC003F4407 /* SocialMediaTests.swift */; };
		0D514B512B7EEBAC003F4407 /* SocialMediaUITests.swift in Sources */ = {isa = PBXBuildFile; fileRef = 0D514B502B7EEBAC003F4407 /* SocialMediaUITests.swift */; };
		0D514B532B7EEBAC003F4407 /* SocialMediaUITestsLaunchTests.swift in Sources */ = {isa = PBXBuildFile; fileRef = 0D514B522B7EEBAC003F4407 /* SocialMediaUITestsLaunchTests.swift */; };
		0D514B6C2B7EFE2E003F4407 /* MainTabView.swift in Sources */ = {isa = PBXBuildFile; fileRef = 0D514B6B2B7EFE2E003F4407 /* MainTabView.swift */; };
		0D514B6E2B7EFF8B003F4407 /* ProfileView.swift in Sources */ = {isa = PBXBuildFile; fileRef = 0D514B6D2B7EFF8B003F4407 /* ProfileView.swift */; };
		0D514B712B81A375003F4407 /* UserStatView.swift in Sources */ = {isa = PBXBuildFile; fileRef = 0D514B702B81A375003F4407 /* UserStatView.swift */; };
		0D514B732B81AD75003F4407 /* FeedView.swift in Sources */ = {isa = PBXBuildFile; fileRef = 0D514B722B81AD75003F4407 /* FeedView.swift */; };
		0D514B752B81AD7A003F4407 /* FeedCell.swift in Sources */ = {isa = PBXBuildFile; fileRef = 0D514B742B81AD7A003F4407 /* FeedCell.swift */; };
		0D514B772B82803C003F4407 /* SearchView.swift in Sources */ = {isa = PBXBuildFile; fileRef = 0D514B762B82803C003F4407 /* SearchView.swift */; };
/* End PBXBuildFile section */

/* Begin PBXContainerItemProxy section */
		0D514B432B7EEBAC003F4407 /* PBXContainerItemProxy */ = {
			isa = PBXContainerItemProxy;
			containerPortal = 0D514B292B7EEBAB003F4407 /* Project object */;
			proxyType = 1;
			remoteGlobalIDString = 0D514B302B7EEBAB003F4407;
			remoteInfo = SocialMedia;
		};
		0D514B4D2B7EEBAC003F4407 /* PBXContainerItemProxy */ = {
			isa = PBXContainerItemProxy;
			containerPortal = 0D514B292B7EEBAB003F4407 /* Project object */;
			proxyType = 1;
			remoteGlobalIDString = 0D514B302B7EEBAB003F4407;
			remoteInfo = SocialMedia;
		};
/* End PBXContainerItemProxy section */

/* Begin PBXFileReference section */
		0D514B312B7EEBAB003F4407 /* SocialMedia.app */ = {isa = PBXFileReference; explicitFileType = wrapper.application; includeInIndex = 0; path = SocialMedia.app; sourceTree = BUILT_PRODUCTS_DIR; };
		0D514B342B7EEBAB003F4407 /* SocialMediaApp.swift */ = {isa = PBXFileReference; lastKnownFileType = sourcecode.swift; path = SocialMediaApp.swift; sourceTree = "<group>"; };
		0D514B362B7EEBAB003F4407 /* ContentView.swift */ = {isa = PBXFileReference; lastKnownFileType = sourcecode.swift; path = ContentView.swift; sourceTree = "<group>"; };
		0D514B382B7EEBAC003F4407 /* Assets.xcassets */ = {isa = PBXFileReference; lastKnownFileType = folder.assetcatalog; path = Assets.xcassets; sourceTree = "<group>"; };
		0D514B3A2B7EEBAC003F4407 /* SocialMedia.entitlements */ = {isa = PBXFileReference; lastKnownFileType = text.plist.entitlements; path = SocialMedia.entitlements; sourceTree = "<group>"; };
		0D514B3C2B7EEBAC003F4407 /* Preview Assets.xcassets */ = {isa = PBXFileReference; lastKnownFileType = folder.assetcatalog; path = "Preview Assets.xcassets"; sourceTree = "<group>"; };
		0D514B422B7EEBAC003F4407 /* SocialMediaTests.xctest */ = {isa = PBXFileReference; explicitFileType = wrapper.cfbundle; includeInIndex = 0; path = SocialMediaTests.xctest; sourceTree = BUILT_PRODUCTS_DIR; };
		0D514B462B7EEBAC003F4407 /* SocialMediaTests.swift */ = {isa = PBXFileReference; lastKnownFileType = sourcecode.swift; path = SocialMediaTests.swift; sourceTree = "<group>"; };
		0D514B4C2B7EEBAC003F4407 /* SocialMediaUITests.xctest */ = {isa = PBXFileReference; explicitFileType = wrapper.cfbundle; includeInIndex = 0; path = SocialMediaUITests.xctest; sourceTree = BUILT_PRODUCTS_DIR; };
		0D514B502B7EEBAC003F4407 /* SocialMediaUITests.swift */ = {isa = PBXFileReference; lastKnownFileType = sourcecode.swift; path = SocialMediaUITests.swift; sourceTree = "<group>"; };
		0D514B522B7EEBAC003F4407 /* SocialMediaUITestsLaunchTests.swift */ = {isa = PBXFileReference; lastKnownFileType = sourcecode.swift; path = SocialMediaUITestsLaunchTests.swift; sourceTree = "<group>"; };
		0D514B6B2B7EFE2E003F4407 /* MainTabView.swift */ = {isa = PBXFileReference; lastKnownFileType = sourcecode.swift; path = MainTabView.swift; sourceTree = "<group>"; };
		0D514B6D2B7EFF8B003F4407 /* ProfileView.swift */ = {isa = PBXFileReference; lastKnownFileType = sourcecode.swift; path = ProfileView.swift; sourceTree = "<group>"; };
		0D514B702B81A375003F4407 /* UserStatView.swift */ = {isa = PBXFileReference; lastKnownFileType = sourcecode.swift; path = UserStatView.swift; sourceTree = "<group>"; };
		0D514B722B81AD75003F4407 /* FeedView.swift */ = {isa = PBXFileReference; lastKnownFileType = sourcecode.swift; path = FeedView.swift; sourceTree = "<group>"; };
		0D514B742B81AD7A003F4407 /* FeedCell.swift */ = {isa = PBXFileReference; lastKnownFileType = sourcecode.swift; path = FeedCell.swift; sourceTree = "<group>"; };
		0D514B762B82803C003F4407 /* SearchView.swift */ = {isa = PBXFileReference; lastKnownFileType = sourcecode.swift; path = SearchView.swift; sourceTree = "<group>"; };
/* End PBXFileReference section */

/* Begin PBXFrameworksBuildPhase section */
		0D514B2E2B7EEBAB003F4407 /* Frameworks */ = {
			isa = PBXFrameworksBuildPhase;
			buildActionMask = 2147483647;
			files = (
			);
			runOnlyForDeploymentPostprocessing = 0;
		};
		0D514B3F2B7EEBAC003F4407 /* Frameworks */ = {
			isa = PBXFrameworksBuildPhase;
			buildActionMask = 2147483647;
			files = (
			);
			runOnlyForDeploymentPostprocessing = 0;
		};
		0D514B492B7EEBAC003F4407 /* Frameworks */ = {
			isa = PBXFrameworksBuildPhase;
			buildActionMask = 2147483647;
			files = (
			);
			runOnlyForDeploymentPostprocessing = 0;
		};
/* End PBXFrameworksBuildPhase section */

/* Begin PBXGroup section */
		0D514B282B7EEBAB003F4407 = {
			isa = PBXGroup;
			children = (
				0D514B332B7EEBAB003F4407 /* SocialMedia */,
				0D514B452B7EEBAC003F4407 /* SocialMediaTests */,
				0D514B4F2B7EEBAC003F4407 /* SocialMediaUITests */,
				0D514B322B7EEBAB003F4407 /* Products */,
			);
			sourceTree = "<group>";
		};
		0D514B322B7EEBAB003F4407 /* Products */ = {
			isa = PBXGroup;
			children = (
				0D514B312B7EEBAB003F4407 /* SocialMedia.app */,
				0D514B422B7EEBAC003F4407 /* SocialMediaTests.xctest */,
				0D514B4C2B7EEBAC003F4407 /* SocialMediaUITests.xctest */,
			);
			name = Products;
			sourceTree = "<group>";
		};
		0D514B332B7EEBAB003F4407 /* SocialMedia */ = {
			isa = PBXGroup;
			children = (
				0D514B632B7EFC8C003F4407 /* App */,
				0D514B622B7EFC8B003F4407 /* Core */,
				0D514B612B7EFC8A003F4407 /* Extensions */,
				0D514B602B7EFC89003F4407 /* Model */,
				0D514B5F2B7EFC88003F4407 /* Services */,
				0D514B342B7EEBAB003F4407 /* SocialMediaApp.swift */,
				0D514B362B7EEBAB003F4407 /* ContentView.swift */,
				0D514B382B7EEBAC003F4407 /* Assets.xcassets */,
				0D514B3A2B7EEBAC003F4407 /* SocialMedia.entitlements */,
				0D514B3B2B7EEBAC003F4407 /* Preview Content */,
			);
			path = SocialMedia;
			sourceTree = "<group>";
		};
		0D514B3B2B7EEBAC003F4407 /* Preview Content */ = {
			isa = PBXGroup;
			children = (
				0D514B3C2B7EEBAC003F4407 /* Preview Assets.xcassets */,
			);
			path = "Preview Content";
			sourceTree = "<group>";
		};
		0D514B452B7EEBAC003F4407 /* SocialMediaTests */ = {
			isa = PBXGroup;
			children = (
				0D514B462B7EEBAC003F4407 /* SocialMediaTests.swift */,
			);
			path = SocialMediaTests;
			sourceTree = "<group>";
		};
		0D514B4F2B7EEBAC003F4407 /* SocialMediaUITests */ = {
			isa = PBXGroup;
			children = (
				0D514B502B7EEBAC003F4407 /* SocialMediaUITests.swift */,
				0D514B522B7EEBAC003F4407 /* SocialMediaUITestsLaunchTests.swift */,
			);
			path = SocialMediaUITests;
			sourceTree = "<group>";
		};
		0D514B5F2B7EFC88003F4407 /* Services */ = {
			isa = PBXGroup;
			children = (
			);
			path = Services;
			sourceTree = "<group>";
		};
		0D514B602B7EFC89003F4407 /* Model */ = {
			isa = PBXGroup;
			children = (
			);
			path = Model;
			sourceTree = "<group>";
		};
		0D514B612B7EFC8A003F4407 /* Extensions */ = {
			isa = PBXGroup;
			children = (
			);
			path = Extensions;
			sourceTree = "<group>";
		};
		0D514B622B7EFC8B003F4407 /* Core */ = {
			isa = PBXGroup;
			children = (
				0D514B6F2B81A32E003F4407 /* Components */,
				0D514B642B7EFCD9003F4407 /* Authentication */,
				0D514B652B7EFCF5003F4407 /* Feed */,
				0D514B662B7EFCF9003F4407 /* Profile */,
				0D514B682B7EFD13003F4407 /* Root */,
				0D514B672B7EFD0E003F4407 /* Search */,
				0D514B692B7EFD44003F4407 /* TabBar */,
				0D514B6A2B7EFD49003F4407 /* UploadPost */,
			);
			path = Core;
			sourceTree = "<group>";
		};
		0D514B632B7EFC8C003F4407 /* App */ = {
			isa = PBXGroup;
			children = (
			);
			path = App;
			sourceTree = "<group>";
		};
		0D514B642B7EFCD9003F4407 /* Authentication */ = {
			isa = PBXGroup;
			children = (
			);
			path = Authentication;
			sourceTree = "<group>";
		};
		0D514B652B7EFCF5003F4407 /* Feed */ = {
			isa = PBXGroup;
			children = (
				0D514B722B81AD75003F4407 /* FeedView.swift */,
				0D514B742B81AD7A003F4407 /* FeedCell.swift */,
			);
			path = Feed;
			sourceTree = "<group>";
		};
		0D514B662B7EFCF9003F4407 /* Profile */ = {
			isa = PBXGroup;
			children = (
				0D514B6D2B7EFF8B003F4407 /* ProfileView.swift */,
			);
			path = Profile;
			sourceTree = "<group>";
		};
		0D514B672B7EFD0E003F4407 /* Search */ = {
			isa = PBXGroup;
			children = (
				0D514B762B82803C003F4407 /* SearchView.swift */,
			);
			path = Search;
			sourceTree = "<group>";
		};
		0D514B682B7EFD13003F4407 /* Root */ = {
			isa = PBXGroup;
			children = (
			);
			path = Root;
			sourceTree = "<group>";
		};
		0D514B692B7EFD44003F4407 /* TabBar */ = {
			isa = PBXGroup;
			children = (
				0D514B6B2B7EFE2E003F4407 /* MainTabView.swift */,
			);
			path = TabBar;
			sourceTree = "<group>";
		};
		0D514B6A2B7EFD49003F4407 /* UploadPost */ = {
			isa = PBXGroup;
			children = (
			);
			path = UploadPost;
			sourceTree = "<group>";
		};
		0D514B6F2B81A32E003F4407 /* Components */ = {
			isa = PBXGroup;
			children = (
				0D514B702B81A375003F4407 /* UserStatView.swift */,
			);
			path = Components;
			sourceTree = "<group>";
		};
/* End PBXGroup section */

/* Begin PBXNativeTarget section */
		0D514B302B7EEBAB003F4407 /* SocialMedia */ = {
			isa = PBXNativeTarget;
			buildConfigurationList = 0D514B562B7EEBAC003F4407 /* Build configuration list for PBXNativeTarget "SocialMedia" */;
			buildPhases = (
				0D514B2D2B7EEBAB003F4407 /* Sources */,
				0D514B2E2B7EEBAB003F4407 /* Frameworks */,
				0D514B2F2B7EEBAB003F4407 /* Resources */,
			);
			buildRules = (
			);
			dependencies = (
			);
			name = SocialMedia;
			productName = SocialMedia;
			productReference = 0D514B312B7EEBAB003F4407 /* SocialMedia.app */;
			productType = "com.apple.product-type.application";
		};
		0D514B412B7EEBAC003F4407 /* SocialMediaTests */ = {
			isa = PBXNativeTarget;
			buildConfigurationList = 0D514B592B7EEBAC003F4407 /* Build configuration list for PBXNativeTarget "SocialMediaTests" */;
			buildPhases = (
				0D514B3E2B7EEBAC003F4407 /* Sources */,
				0D514B3F2B7EEBAC003F4407 /* Frameworks */,
				0D514B402B7EEBAC003F4407 /* Resources */,
			);
			buildRules = (
			);
			dependencies = (
				0D514B442B7EEBAC003F4407 /* PBXTargetDependency */,
			);
			name = SocialMediaTests;
			productName = SocialMediaTests;
			productReference = 0D514B422B7EEBAC003F4407 /* SocialMediaTests.xctest */;
			productType = "com.apple.product-type.bundle.unit-test";
		};
		0D514B4B2B7EEBAC003F4407 /* SocialMediaUITests */ = {
			isa = PBXNativeTarget;
			buildConfigurationList = 0D514B5C2B7EEBAC003F4407 /* Build configuration list for PBXNativeTarget "SocialMediaUITests" */;
			buildPhases = (
				0D514B482B7EEBAC003F4407 /* Sources */,
				0D514B492B7EEBAC003F4407 /* Frameworks */,
				0D514B4A2B7EEBAC003F4407 /* Resources */,
			);
			buildRules = (
			);
			dependencies = (
				0D514B4E2B7EEBAC003F4407 /* PBXTargetDependency */,
			);
			name = SocialMediaUITests;
			productName = SocialMediaUITests;
			productReference = 0D514B4C2B7EEBAC003F4407 /* SocialMediaUITests.xctest */;
			productType = "com.apple.product-type.bundle.ui-testing";
		};
/* End PBXNativeTarget section */

/* Begin PBXProject section */
		0D514B292B7EEBAB003F4407 /* Project object */ = {
			isa = PBXProject;
			attributes = {
				BuildIndependentTargetsInParallel = 1;
				LastSwiftUpdateCheck = 1520;
				LastUpgradeCheck = 1520;
				TargetAttributes = {
					0D514B302B7EEBAB003F4407 = {
						CreatedOnToolsVersion = 15.2;
					};
					0D514B412B7EEBAC003F4407 = {
						CreatedOnToolsVersion = 15.2;
						TestTargetID = 0D514B302B7EEBAB003F4407;
					};
					0D514B4B2B7EEBAC003F4407 = {
						CreatedOnToolsVersion = 15.2;
						TestTargetID = 0D514B302B7EEBAB003F4407;
					};
				};
			};
			buildConfigurationList = 0D514B2C2B7EEBAB003F4407 /* Build configuration list for PBXProject "SocialMedia" */;
			compatibilityVersion = "Xcode 14.0";
			developmentRegion = en;
			hasScannedForEncodings = 0;
			knownRegions = (
				en,
				Base,
			);
			mainGroup = 0D514B282B7EEBAB003F4407;
			productRefGroup = 0D514B322B7EEBAB003F4407 /* Products */;
			projectDirPath = "";
			projectRoot = "";
			targets = (
				0D514B302B7EEBAB003F4407 /* SocialMedia */,
				0D514B412B7EEBAC003F4407 /* SocialMediaTests */,
				0D514B4B2B7EEBAC003F4407 /* SocialMediaUITests */,
			);
		};
/* End PBXProject section */

/* Begin PBXResourcesBuildPhase section */
		0D514B2F2B7EEBAB003F4407 /* Resources */ = {
			isa = PBXResourcesBuildPhase;
			buildActionMask = 2147483647;
			files = (
				0D514B3D2B7EEBAC003F4407 /* Preview Assets.xcassets in Resources */,
				0D514B392B7EEBAC003F4407 /* Assets.xcassets in Resources */,
			);
			runOnlyForDeploymentPostprocessing = 0;
		};
		0D514B402B7EEBAC003F4407 /* Resources */ = {
			isa = PBXResourcesBuildPhase;
			buildActionMask = 2147483647;
			files = (
			);
			runOnlyForDeploymentPostprocessing = 0;
		};
		0D514B4A2B7EEBAC003F4407 /* Resources */ = {
			isa = PBXResourcesBuildPhase;
			buildActionMask = 2147483647;
			files = (
			);
			runOnlyForDeploymentPostprocessing = 0;
		};
/* End PBXResourcesBuildPhase section */

/* Begin PBXSourcesBuildPhase section */
		0D514B2D2B7EEBAB003F4407 /* Sources */ = {
			isa = PBXSourcesBuildPhase;
			buildActionMask = 2147483647;
			files = (
				0D514B752B81AD7A003F4407 /* FeedCell.swift in Sources */,
				0D514B6E2B7EFF8B003F4407 /* ProfileView.swift in Sources */,
				0D514B372B7EEBAB003F4407 /* ContentView.swift in Sources */,
				0D514B352B7EEBAB003F4407 /* SocialMediaApp.swift in Sources */,
				0D514B772B82803C003F4407 /* SearchView.swift in Sources */,
				0D514B712B81A375003F4407 /* UserStatView.swift in Sources */,
				0D514B732B81AD75003F4407 /* FeedView.swift in Sources */,
				0D514B6C2B7EFE2E003F4407 /* MainTabView.swift in Sources */,
			);
			runOnlyForDeploymentPostprocessing = 0;
		};
		0D514B3E2B7EEBAC003F4407 /* Sources */ = {
			isa = PBXSourcesBuildPhase;
			buildActionMask = 2147483647;
			files = (
				0D514B472B7EEBAC003F4407 /* SocialMediaTests.swift in Sources */,
			);
			runOnlyForDeploymentPostprocessing = 0;
		};
		0D514B482B7EEBAC003F4407 /* Sources */ = {
			isa = PBXSourcesBuildPhase;
			buildActionMask = 2147483647;
			files = (
				0D514B532B7EEBAC003F4407 /* SocialMediaUITestsLaunchTests.swift in Sources */,
				0D514B512B7EEBAC003F4407 /* SocialMediaUITests.swift in Sources */,
			);
			runOnlyForDeploymentPostprocessing = 0;
		};
/* End PBXSourcesBuildPhase section */

/* Begin PBXTargetDependency section */
		0D514B442B7EEBAC003F4407 /* PBXTargetDependency */ = {
			isa = PBXTargetDependency;
			target = 0D514B302B7EEBAB003F4407 /* SocialMedia */;
			targetProxy = 0D514B432B7EEBAC003F4407 /* PBXContainerItemProxy */;
		};
		0D514B4E2B7EEBAC003F4407 /* PBXTargetDependency */ = {
			isa = PBXTargetDependency;
			target = 0D514B302B7EEBAB003F4407 /* SocialMedia */;
			targetProxy = 0D514B4D2B7EEBAC003F4407 /* PBXContainerItemProxy */;
		};
/* End PBXTargetDependency section */

/* Begin XCBuildConfiguration section */
		0D514B542B7EEBAC003F4407 /* Debug */ = {
			isa = XCBuildConfiguration;
			buildSettings = {
				ALWAYS_SEARCH_USER_PATHS = NO;
				ASSETCATALOG_COMPILER_GENERATE_SWIFT_ASSET_SYMBOL_EXTENSIONS = YES;
				CLANG_ANALYZER_NONNULL = YES;
				CLANG_ANALYZER_NUMBER_OBJECT_CONVERSION = YES_AGGRESSIVE;
				CLANG_CXX_LANGUAGE_STANDARD = "gnu++20";
				CLANG_ENABLE_MODULES = YES;
				CLANG_ENABLE_OBJC_ARC = YES;
				CLANG_ENABLE_OBJC_WEAK = YES;
				CLANG_WARN_BLOCK_CAPTURE_AUTORELEASING = YES;
				CLANG_WARN_BOOL_CONVERSION = YES;
				CLANG_WARN_COMMA = YES;
				CLANG_WARN_CONSTANT_CONVERSION = YES;
				CLANG_WARN_DEPRECATED_OBJC_IMPLEMENTATIONS = YES;
				CLANG_WARN_DIRECT_OBJC_ISA_USAGE = YES_ERROR;
				CLANG_WARN_DOCUMENTATION_COMMENTS = YES;
				CLANG_WARN_EMPTY_BODY = YES;
				CLANG_WARN_ENUM_CONVERSION = YES;
				CLANG_WARN_INFINITE_RECURSION = YES;
				CLANG_WARN_INT_CONVERSION = YES;
				CLANG_WARN_NON_LITERAL_NULL_CONVERSION = YES;
				CLANG_WARN_OBJC_IMPLICIT_RETAIN_SELF = YES;
				CLANG_WARN_OBJC_LITERAL_CONVERSION = YES;
				CLANG_WARN_OBJC_ROOT_CLASS = YES_ERROR;
				CLANG_WARN_QUOTED_INCLUDE_IN_FRAMEWORK_HEADER = YES;
				CLANG_WARN_RANGE_LOOP_ANALYSIS = YES;
				CLANG_WARN_STRICT_PROTOTYPES = YES;
				CLANG_WARN_SUSPICIOUS_MOVE = YES;
				CLANG_WARN_UNGUARDED_AVAILABILITY = YES_AGGRESSIVE;
				CLANG_WARN_UNREACHABLE_CODE = YES;
				CLANG_WARN__DUPLICATE_METHOD_MATCH = YES;
				COPY_PHASE_STRIP = NO;
				DEBUG_INFORMATION_FORMAT = dwarf;
				ENABLE_STRICT_OBJC_MSGSEND = YES;
				ENABLE_TESTABILITY = YES;
				ENABLE_USER_SCRIPT_SANDBOXING = YES;
				GCC_C_LANGUAGE_STANDARD = gnu17;
				GCC_DYNAMIC_NO_PIC = NO;
				GCC_NO_COMMON_BLOCKS = YES;
				GCC_OPTIMIZATION_LEVEL = 0;
				GCC_PREPROCESSOR_DEFINITIONS = (
					"DEBUG=1",
					"$(inherited)",
				);
				GCC_WARN_64_TO_32_BIT_CONVERSION = YES;
				GCC_WARN_ABOUT_RETURN_TYPE = YES_ERROR;
				GCC_WARN_UNDECLARED_SELECTOR = YES;
				GCC_WARN_UNINITIALIZED_AUTOS = YES_AGGRESSIVE;
				GCC_WARN_UNUSED_FUNCTION = YES;
				GCC_WARN_UNUSED_VARIABLE = YES;
				LOCALIZATION_PREFERS_STRING_CATALOGS = YES;
				MTL_ENABLE_DEBUG_INFO = INCLUDE_SOURCE;
				MTL_FAST_MATH = YES;
				ONLY_ACTIVE_ARCH = YES;
				SWIFT_ACTIVE_COMPILATION_CONDITIONS = "DEBUG $(inherited)";
				SWIFT_OPTIMIZATION_LEVEL = "-Onone";
			};
			name = Debug;
		};
		0D514B552B7EEBAC003F4407 /* Release */ = {
			isa = XCBuildConfiguration;
			buildSettings = {
				ALWAYS_SEARCH_USER_PATHS = NO;
				ASSETCATALOG_COMPILER_GENERATE_SWIFT_ASSET_SYMBOL_EXTENSIONS = YES;
				CLANG_ANALYZER_NONNULL = YES;
				CLANG_ANALYZER_NUMBER_OBJECT_CONVERSION = YES_AGGRESSIVE;
				CLANG_CXX_LANGUAGE_STANDARD = "gnu++20";
				CLANG_ENABLE_MODULES = YES;
				CLANG_ENABLE_OBJC_ARC = YES;
				CLANG_ENABLE_OBJC_WEAK = YES;
				CLANG_WARN_BLOCK_CAPTURE_AUTORELEASING = YES;
				CLANG_WARN_BOOL_CONVERSION = YES;
				CLANG_WARN_COMMA = YES;
				CLANG_WARN_CONSTANT_CONVERSION = YES;
				CLANG_WARN_DEPRECATED_OBJC_IMPLEMENTATIONS = YES;
				CLANG_WARN_DIRECT_OBJC_ISA_USAGE = YES_ERROR;
				CLANG_WARN_DOCUMENTATION_COMMENTS = YES;
				CLANG_WARN_EMPTY_BODY = YES;
				CLANG_WARN_ENUM_CONVERSION = YES;
				CLANG_WARN_INFINITE_RECURSION = YES;
				CLANG_WARN_INT_CONVERSION = YES;
				CLANG_WARN_NON_LITERAL_NULL_CONVERSION = YES;
				CLANG_WARN_OBJC_IMPLICIT_RETAIN_SELF = YES;
				CLANG_WARN_OBJC_LITERAL_CONVERSION = YES;
				CLANG_WARN_OBJC_ROOT_CLASS = YES_ERROR;
				CLANG_WARN_QUOTED_INCLUDE_IN_FRAMEWORK_HEADER = YES;
				CLANG_WARN_RANGE_LOOP_ANALYSIS = YES;
				CLANG_WARN_STRICT_PROTOTYPES = YES;
				CLANG_WARN_SUSPICIOUS_MOVE = YES;
				CLANG_WARN_UNGUARDED_AVAILABILITY = YES_AGGRESSIVE;
				CLANG_WARN_UNREACHABLE_CODE = YES;
				CLANG_WARN__DUPLICATE_METHOD_MATCH = YES;
				COPY_PHASE_STRIP = NO;
				DEBUG_INFORMATION_FORMAT = "dwarf-with-dsym";
				ENABLE_NS_ASSERTIONS = NO;
				ENABLE_STRICT_OBJC_MSGSEND = YES;
				ENABLE_USER_SCRIPT_SANDBOXING = YES;
				GCC_C_LANGUAGE_STANDARD = gnu17;
				GCC_NO_COMMON_BLOCKS = YES;
				GCC_WARN_64_TO_32_BIT_CONVERSION = YES;
				GCC_WARN_ABOUT_RETURN_TYPE = YES_ERROR;
				GCC_WARN_UNDECLARED_SELECTOR = YES;
				GCC_WARN_UNINITIALIZED_AUTOS = YES_AGGRESSIVE;
				GCC_WARN_UNUSED_FUNCTION = YES;
				GCC_WARN_UNUSED_VARIABLE = YES;
				LOCALIZATION_PREFERS_STRING_CATALOGS = YES;
				MTL_ENABLE_DEBUG_INFO = NO;
				MTL_FAST_MATH = YES;
				SWIFT_COMPILATION_MODE = wholemodule;
			};
			name = Release;
		};
		0D514B572B7EEBAC003F4407 /* Debug */ = {
			isa = XCBuildConfiguration;
			buildSettings = {
				ASSETCATALOG_COMPILER_APPICON_NAME = AppIcon;
				ASSETCATALOG_COMPILER_GLOBAL_ACCENT_COLOR_NAME = AccentColor;
				CODE_SIGN_ENTITLEMENTS = SocialMedia/SocialMedia.entitlements;
				CODE_SIGN_STYLE = Automatic;
				CURRENT_PROJECT_VERSION = 1;
				DEVELOPMENT_ASSET_PATHS = "\"SocialMedia/Preview Content\"";
				DEVELOPMENT_TEAM = VMFBV25WD2;
				ENABLE_HARDENED_RUNTIME = YES;
				ENABLE_PREVIEWS = YES;
				GENERATE_INFOPLIST_FILE = YES;
				"INFOPLIST_KEY_UIApplicationSceneManifest_Generation[sdk=iphoneos*]" = YES;
				"INFOPLIST_KEY_UIApplicationSceneManifest_Generation[sdk=iphonesimulator*]" = YES;
				"INFOPLIST_KEY_UIApplicationSupportsIndirectInputEvents[sdk=iphoneos*]" = YES;
				"INFOPLIST_KEY_UIApplicationSupportsIndirectInputEvents[sdk=iphonesimulator*]" = YES;
				"INFOPLIST_KEY_UILaunchScreen_Generation[sdk=iphoneos*]" = YES;
				"INFOPLIST_KEY_UILaunchScreen_Generation[sdk=iphonesimulator*]" = YES;
				"INFOPLIST_KEY_UIStatusBarStyle[sdk=iphoneos*]" = UIStatusBarStyleDefault;
				"INFOPLIST_KEY_UIStatusBarStyle[sdk=iphonesimulator*]" = UIStatusBarStyleDefault;
				INFOPLIST_KEY_UISupportedInterfaceOrientations_iPad = "UIInterfaceOrientationPortrait UIInterfaceOrientationPortraitUpsideDown UIInterfaceOrientationLandscapeLeft UIInterfaceOrientationLandscapeRight";
				INFOPLIST_KEY_UISupportedInterfaceOrientations_iPhone = "UIInterfaceOrientationPortrait UIInterfaceOrientationLandscapeLeft UIInterfaceOrientationLandscapeRight";
				IPHONEOS_DEPLOYMENT_TARGET = 17.2;
				LD_RUNPATH_SEARCH_PATHS = "@executable_path/Frameworks";
				"LD_RUNPATH_SEARCH_PATHS[sdk=macosx*]" = "@executable_path/../Frameworks";
				MACOSX_DEPLOYMENT_TARGET = 14.2;
				MARKETING_VERSION = 1.0;
				PRODUCT_BUNDLE_IDENTIFIER = com.cinqmars.SocialMedia;
				PRODUCT_NAME = "$(TARGET_NAME)";
				SDKROOT = auto;
				SUPPORTED_PLATFORMS = "iphoneos iphonesimulator macosx";
				SWIFT_EMIT_LOC_STRINGS = YES;
				SWIFT_VERSION = 5.0;
				TARGETED_DEVICE_FAMILY = "1,2";
			};
			name = Debug;
		};
		0D514B582B7EEBAC003F4407 /* Release */ = {
			isa = XCBuildConfiguration;
			buildSettings = {
				ASSETCATALOG_COMPILER_APPICON_NAME = AppIcon;
				ASSETCATALOG_COMPILER_GLOBAL_ACCENT_COLOR_NAME = AccentColor;
				CODE_SIGN_ENTITLEMENTS = SocialMedia/SocialMedia.entitlements;
				CODE_SIGN_STYLE = Automatic;
				CURRENT_PROJECT_VERSION = 1;
				DEVELOPMENT_ASSET_PATHS = "\"SocialMedia/Preview Content\"";
				DEVELOPMENT_TEAM = VMFBV25WD2;
				ENABLE_HARDENED_RUNTIME = YES;
				ENABLE_PREVIEWS = YES;
				GENERATE_INFOPLIST_FILE = YES;
				"INFOPLIST_KEY_UIApplicationSceneManifest_Generation[sdk=iphoneos*]" = YES;
				"INFOPLIST_KEY_UIApplicationSceneManifest_Generation[sdk=iphonesimulator*]" = YES;
				"INFOPLIST_KEY_UIApplicationSupportsIndirectInputEvents[sdk=iphoneos*]" = YES;
				"INFOPLIST_KEY_UIApplicationSupportsIndirectInputEvents[sdk=iphonesimulator*]" = YES;
				"INFOPLIST_KEY_UILaunchScreen_Generation[sdk=iphoneos*]" = YES;
				"INFOPLIST_KEY_UILaunchScreen_Generation[sdk=iphonesimulator*]" = YES;
				"INFOPLIST_KEY_UIStatusBarStyle[sdk=iphoneos*]" = UIStatusBarStyleDefault;
				"INFOPLIST_KEY_UIStatusBarStyle[sdk=iphonesimulator*]" = UIStatusBarStyleDefault;
				INFOPLIST_KEY_UISupportedInterfaceOrientations_iPad = "UIInterfaceOrientationPortrait UIInterfaceOrientationPortraitUpsideDown UIInterfaceOrientationLandscapeLeft UIInterfaceOrientationLandscapeRight";
				INFOPLIST_KEY_UISupportedInterfaceOrientations_iPhone = "UIInterfaceOrientationPortrait UIInterfaceOrientationLandscapeLeft UIInterfaceOrientationLandscapeRight";
				IPHONEOS_DEPLOYMENT_TARGET = 17.2;
				LD_RUNPATH_SEARCH_PATHS = "@executable_path/Frameworks";
				"LD_RUNPATH_SEARCH_PATHS[sdk=macosx*]" = "@executable_path/../Frameworks";
				MACOSX_DEPLOYMENT_TARGET = 14.2;
				MARKETING_VERSION = 1.0;
				PRODUCT_BUNDLE_IDENTIFIER = com.cinqmars.SocialMedia;
				PRODUCT_NAME = "$(TARGET_NAME)";
				SDKROOT = auto;
				SUPPORTED_PLATFORMS = "iphoneos iphonesimulator macosx";
				SWIFT_EMIT_LOC_STRINGS = YES;
				SWIFT_VERSION = 5.0;
				TARGETED_DEVICE_FAMILY = "1,2";
			};
			name = Release;
		};
		0D514B5A2B7EEBAC003F4407 /* Debug */ = {
			isa = XCBuildConfiguration;
			buildSettings = {
				ALWAYS_EMBED_SWIFT_STANDARD_LIBRARIES = YES;
				BUNDLE_LOADER = "$(TEST_HOST)";
				CODE_SIGN_STYLE = Automatic;
				CURRENT_PROJECT_VERSION = 1;
				DEVELOPMENT_TEAM = VMFBV25WD2;
				GENERATE_INFOPLIST_FILE = YES;
				IPHONEOS_DEPLOYMENT_TARGET = 17.2;
				MACOSX_DEPLOYMENT_TARGET = 14.2;
				MARKETING_VERSION = 1.0;
				PRODUCT_BUNDLE_IDENTIFIER = com.cinqmars.SocialMediaTests;
				PRODUCT_NAME = "$(TARGET_NAME)";
				SDKROOT = auto;
				SUPPORTED_PLATFORMS = "iphoneos iphonesimulator macosx";
				SWIFT_EMIT_LOC_STRINGS = NO;
				SWIFT_VERSION = 5.0;
				TARGETED_DEVICE_FAMILY = "1,2";
				TEST_HOST = "$(BUILT_PRODUCTS_DIR)/SocialMedia.app/$(BUNDLE_EXECUTABLE_FOLDER_PATH)/SocialMedia";
			};
			name = Debug;
		};
		0D514B5B2B7EEBAC003F4407 /* Release */ = {
			isa = XCBuildConfiguration;
			buildSettings = {
				ALWAYS_EMBED_SWIFT_STANDARD_LIBRARIES = YES;
				BUNDLE_LOADER = "$(TEST_HOST)";
				CODE_SIGN_STYLE = Automatic;
				CURRENT_PROJECT_VERSION = 1;
				DEVELOPMENT_TEAM = VMFBV25WD2;
				GENERATE_INFOPLIST_FILE = YES;
				IPHONEOS_DEPLOYMENT_TARGET = 17.2;
				MACOSX_DEPLOYMENT_TARGET = 14.2;
				MARKETING_VERSION = 1.0;
				PRODUCT_BUNDLE_IDENTIFIER = com.cinqmars.SocialMediaTests;
				PRODUCT_NAME = "$(TARGET_NAME)";
				SDKROOT = auto;
				SUPPORTED_PLATFORMS = "iphoneos iphonesimulator macosx";
				SWIFT_EMIT_LOC_STRINGS = NO;
				SWIFT_VERSION = 5.0;
				TARGETED_DEVICE_FAMILY = "1,2";
				TEST_HOST = "$(BUILT_PRODUCTS_DIR)/SocialMedia.app/$(BUNDLE_EXECUTABLE_FOLDER_PATH)/SocialMedia";
			};
			name = Release;
		};
		0D514B5D2B7EEBAC003F4407 /* Debug */ = {
			isa = XCBuildConfiguration;
			buildSettings = {
				ALWAYS_EMBED_SWIFT_STANDARD_LIBRARIES = YES;
				CODE_SIGN_STYLE = Automatic;
				CURRENT_PROJECT_VERSION = 1;
				DEVELOPMENT_TEAM = VMFBV25WD2;
				GENERATE_INFOPLIST_FILE = YES;
				IPHONEOS_DEPLOYMENT_TARGET = 17.2;
				MACOSX_DEPLOYMENT_TARGET = 14.2;
				MARKETING_VERSION = 1.0;
				PRODUCT_BUNDLE_IDENTIFIER = com.cinqmars.SocialMediaUITests;
				PRODUCT_NAME = "$(TARGET_NAME)";
				SDKROOT = auto;
				SUPPORTED_PLATFORMS = "iphoneos iphonesimulator macosx";
				SWIFT_EMIT_LOC_STRINGS = NO;
				SWIFT_VERSION = 5.0;
				TARGETED_DEVICE_FAMILY = "1,2";
				TEST_TARGET_NAME = SocialMedia;
			};
			name = Debug;
		};
		0D514B5E2B7EEBAC003F4407 /* Release */ = {
			isa = XCBuildConfiguration;
			buildSettings = {
				ALWAYS_EMBED_SWIFT_STANDARD_LIBRARIES = YES;
				CODE_SIGN_STYLE = Automatic;
				CURRENT_PROJECT_VERSION = 1;
				DEVELOPMENT_TEAM = VMFBV25WD2;
				GENERATE_INFOPLIST_FILE = YES;
				IPHONEOS_DEPLOYMENT_TARGET = 17.2;
				MACOSX_DEPLOYMENT_TARGET = 14.2;
				MARKETING_VERSION = 1.0;
				PRODUCT_BUNDLE_IDENTIFIER = com.cinqmars.SocialMediaUITests;
				PRODUCT_NAME = "$(TARGET_NAME)";
				SDKROOT = auto;
				SUPPORTED_PLATFORMS = "iphoneos iphonesimulator macosx";
				SWIFT_EMIT_LOC_STRINGS = NO;
				SWIFT_VERSION = 5.0;
				TARGETED_DEVICE_FAMILY = "1,2";
				TEST_TARGET_NAME = SocialMedia;
			};
			name = Release;
		};
/* End XCBuildConfiguration section */

/* Begin XCConfigurationList section */
		0D514B2C2B7EEBAB003F4407 /* Build configuration list for PBXProject "SocialMedia" */ = {
			isa = XCConfigurationList;
			buildConfigurations = (
				0D514B542B7EEBAC003F4407 /* Debug */,
				0D514B552B7EEBAC003F4407 /* Release */,
			);
			defaultConfigurationIsVisible = 0;
			defaultConfigurationName = Release;
		};
		0D514B562B7EEBAC003F4407 /* Build configuration list for PBXNativeTarget "SocialMedia" */ = {
			isa = XCConfigurationList;
			buildConfigurations = (
				0D514B572B7EEBAC003F4407 /* Debug */,
				0D514B582B7EEBAC003F4407 /* Release */,
			);
			defaultConfigurationIsVisible = 0;
			defaultConfigurationName = Release;
		};
		0D514B592B7EEBAC003F4407 /* Build configuration list for PBXNativeTarget "SocialMediaTests" */ = {
			isa = XCConfigurationList;
			buildConfigurations = (
				0D514B5A2B7EEBAC003F4407 /* Debug */,
				0D514B5B2B7EEBAC003F4407 /* Release */,
			);
			defaultConfigurationIsVisible = 0;
			defaultConfigurationName = Release;
		};
		0D514B5C2B7EEBAC003F4407 /* Build configuration list for PBXNativeTarget "SocialMediaUITests" */ = {
			isa = XCConfigurationList;
			buildConfigurations = (
				0D514B5D2B7EEBAC003F4407 /* Debug */,
				0D514B5E2B7EEBAC003F4407 /* Release */,
			);
			defaultConfigurationIsVisible = 0;
			defaultConfigurationName = Release;
		};
/* End XCConfigurationList section */
	};
	rootObject = 0D514B292B7EEBAB003F4407 /* Project object */;
}
